<?xml version="1.0" encoding="UTF-8"?>
<CodeBlocks_project_file>
	<FileVersion major="1" minor="6"/>
	<Project>
		<Option title="test"/>
		<Option makefile_is_custom="1"/>
		<Option compiler="gcc"/>
		<Option virtualFolders="CMake Files\;CMake Files\dependencies\;CMake Files\dependencies\GLFW\;CMake Files\dependencies\GLFW\CMake\;CMake Files\dependencies\GLFW\CMake\modules\;CMake Files\dependencies\GLFW\src\;"/>
		<Build>
			<Target title="all">
				<Option working_dir="/Users/mig/Desktop/junior-spring/graphics/assignments/test"/>
				<Option type="4"/>
				<MakeCommands>
					<Build command="/usr/bin/make -f &quot;/Users/mig/Desktop/junior-spring/graphics/assignments/test/Makefile&quot;  VERBOSE=1 all"/>
					<CompileFile command="/usr/bin/make -f &quot;/Users/mig/Desktop/junior-spring/graphics/assignments/test/Makefile&quot;  VERBOSE=1 &quot;$file&quot;"/>
					<Clean command="/usr/bin/make -f &quot;/Users/mig/Desktop/junior-spring/graphics/assignments/test/Makefile&quot;  VERBOSE=1 clean"/>
					<DistClean command="/usr/bin/make -f &quot;/Users/mig/Desktop/junior-spring/graphics/assignments/test/Makefile&quot;  VERBOSE=1 clean"/>
				</MakeCommands>
			</Target>
			<Target title="install/local">
				<Option working_dir="/Users/mig/Desktop/junior-spring/graphics/assignments/test"/>
				<Option type="4"/>
				<MakeCommands>
					<Build command="/usr/bin/make -f &quot;/Users/mig/Desktop/junior-spring/graphics/assignments/test/Makefile&quot;  VERBOSE=1 install/local"/>
					<CompileFile command="/usr/bin/make -f &quot;/Users/mig/Desktop/junior-spring/graphics/assignments/test/Makefile&quot;  VERBOSE=1 &quot;$file&quot;"/>
					<Clean command="/usr/bin/make -f &quot;/Users/mig/Desktop/junior-spring/graphics/assignments/test/Makefile&quot;  VERBOSE=1 clean"/>
					<DistClean command="/usr/bin/make -f &quot;/Users/mig/Desktop/junior-spring/graphics/assignments/test/Makefile&quot;  VERBOSE=1 clean"/>
				</MakeCommands>
			</Target>
			<Target title="install/strip">
				<Option working_dir="/Users/mig/Desktop/junior-spring/graphics/assignments/test"/>
				<Option type="4"/>
				<MakeCommands>
					<Build command="/usr/bin/make -f &quot;/Users/mig/Desktop/junior-spring/graphics/assignments/test/Makefile&quot;  VERBOSE=1 install/strip"/>
					<CompileFile command="/usr/bin/make -f &quot;/Users/mig/Desktop/junior-spring/graphics/assignments/test/Makefile&quot;  VERBOSE=1 &quot;$file&quot;"/>
					<Clean command="/usr/bin/make -f &quot;/Users/mig/Desktop/junior-spring/graphics/assignments/test/Makefile&quot;  VERBOSE=1 clean"/>
					<DistClean command="/usr/bin/make -f &quot;/Users/mig/Desktop/junior-spring/graphics/assignments/test/Makefile&quot;  VERBOSE=1 clean"/>
				</MakeCommands>
			</Target>
			<Target title="install">
				<Option working_dir="/Users/mig/Desktop/junior-spring/graphics/assignments/test"/>
				<Option type="4"/>
				<MakeCommands>
					<Build command="/usr/bin/make -f &quot;/Users/mig/Desktop/junior-spring/graphics/assignments/test/Makefile&quot;  VERBOSE=1 install"/>
					<CompileFile command="/usr/bin/make -f &quot;/Users/mig/Desktop/junior-spring/graphics/assignments/test/Makefile&quot;  VERBOSE=1 &quot;$file&quot;"/>
					<Clean command="/usr/bin/make -f &quot;/Users/mig/Desktop/junior-spring/graphics/assignments/test/Makefile&quot;  VERBOSE=1 clean"/>
					<DistClean command="/usr/bin/make -f &quot;/Users/mig/Desktop/junior-spring/graphics/assignments/test/Makefile&quot;  VERBOSE=1 clean"/>
				</MakeCommands>
			</Target>
			<Target title="list_install_components">
				<Option working_dir="/Users/mig/Desktop/junior-spring/graphics/assignments/test"/>
				<Option type="4"/>
				<MakeCommands>
					<Build command="/usr/bin/make -f &quot;/Users/mig/Desktop/junior-spring/graphics/assignments/test/Makefile&quot;  VERBOSE=1 list_install_components"/>
					<CompileFile command="/usr/bin/make -f &quot;/Users/mig/Desktop/junior-spring/graphics/assignments/test/Makefile&quot;  VERBOSE=1 &quot;$file&quot;"/>
					<Clean command="/usr/bin/make -f &quot;/Users/mig/Desktop/junior-spring/graphics/assignments/test/Makefile&quot;  VERBOSE=1 clean"/>
					<DistClean command="/usr/bin/make -f &quot;/Users/mig/Desktop/junior-spring/graphics/assignments/test/Makefile&quot;  VERBOSE=1 clean"/>
				</MakeCommands>
			</Target>
			<Target title="rebuild_cache">
				<Option working_dir="/Users/mig/Desktop/junior-spring/graphics/assignments/test"/>
				<Option type="4"/>
				<MakeCommands>
					<Build command="/usr/bin/make -f &quot;/Users/mig/Desktop/junior-spring/graphics/assignments/test/Makefile&quot;  VERBOSE=1 rebuild_cache"/>
					<CompileFile command="/usr/bin/make -f &quot;/Users/mig/Desktop/junior-spring/graphics/assignments/test/Makefile&quot;  VERBOSE=1 &quot;$file&quot;"/>
					<Clean command="/usr/bin/make -f &quot;/Users/mig/Desktop/junior-spring/graphics/assignments/test/Makefile&quot;  VERBOSE=1 clean"/>
					<DistClean command="/usr/bin/make -f &quot;/Users/mig/Desktop/junior-spring/graphics/assignments/test/Makefile&quot;  VERBOSE=1 clean"/>
				</MakeCommands>
			</Target>
			<Target title="edit_cache">
				<Option working_dir="/Users/mig/Desktop/junior-spring/graphics/assignments/test"/>
				<Option type="4"/>
				<MakeCommands>
					<Build command="/usr/bin/make -f &quot;/Users/mig/Desktop/junior-spring/graphics/assignments/test/Makefile&quot;  VERBOSE=1 edit_cache"/>
					<CompileFile command="/usr/bin/make -f &quot;/Users/mig/Desktop/junior-spring/graphics/assignments/test/Makefile&quot;  VERBOSE=1 &quot;$file&quot;"/>
					<Clean command="/usr/bin/make -f &quot;/Users/mig/Desktop/junior-spring/graphics/assignments/test/Makefile&quot;  VERBOSE=1 clean"/>
					<DistClean command="/usr/bin/make -f &quot;/Users/mig/Desktop/junior-spring/graphics/assignments/test/Makefile&quot;  VERBOSE=1 clean"/>
				</MakeCommands>
			</Target>
			<Target title="test-macos">
				<Option output="/Users/mig/Desktop/junior-spring/graphics/assignments/test/bin/test-macos" prefix_auto="0" extension_auto="0"/>
				<Option working_dir="/Users/mig/Desktop/junior-spring/graphics/assignments/test/bin"/>
				<Option object_output="./"/>
				<Option type="1"/>
				<Option compiler="gcc"/>
				<Compiler>
					<Add directory="/Users/mig/Desktop/junior-spring/graphics/assignments/test/dependencies/include"/>
					<Add directory="/Users/mig/Desktop/junior-spring/graphics/assignments/test/dependencies/GLFW/include"/>
				</Compiler>
				<MakeCommands>
					<Build command="/usr/bin/make -f &quot;/Users/mig/Desktop/junior-spring/graphics/assignments/test/Makefile&quot;  VERBOSE=1 test-macos"/>
					<CompileFile command="/usr/bin/make -f &quot;/Users/mig/Desktop/junior-spring/graphics/assignments/test/Makefile&quot;  VERBOSE=1 &quot;$file&quot;"/>
					<Clean command="/usr/bin/make -f &quot;/Users/mig/Desktop/junior-spring/graphics/assignments/test/Makefile&quot;  VERBOSE=1 clean"/>
					<DistClean command="/usr/bin/make -f &quot;/Users/mig/Desktop/junior-spring/graphics/assignments/test/Makefile&quot;  VERBOSE=1 clean"/>
				</MakeCommands>
			</Target>
			<Target title="test-macos/fast">
				<Option output="/Users/mig/Desktop/junior-spring/graphics/assignments/test/bin/test-macos" prefix_auto="0" extension_auto="0"/>
				<Option working_dir="/Users/mig/Desktop/junior-spring/graphics/assignments/test/bin"/>
				<Option object_output="./"/>
				<Option type="1"/>
				<Option compiler="gcc"/>
				<Compiler>
					<Add directory="/Users/mig/Desktop/junior-spring/graphics/assignments/test/dependencies/include"/>
					<Add directory="/Users/mig/Desktop/junior-spring/graphics/assignments/test/dependencies/GLFW/include"/>
				</Compiler>
				<MakeCommands>
					<Build command="/usr/bin/make -f &quot;/Users/mig/Desktop/junior-spring/graphics/assignments/test/Makefile&quot;  VERBOSE=1 test-macos/fast"/>
					<CompileFile command="/usr/bin/make -f &quot;/Users/mig/Desktop/junior-spring/graphics/assignments/test/Makefile&quot;  VERBOSE=1 &quot;$file&quot;"/>
					<Clean command="/usr/bin/make -f &quot;/Users/mig/Desktop/junior-spring/graphics/assignments/test/Makefile&quot;  VERBOSE=1 clean"/>
					<DistClean command="/usr/bin/make -f &quot;/Users/mig/Desktop/junior-spring/graphics/assignments/test/Makefile&quot;  VERBOSE=1 clean"/>
				</MakeCommands>
			</Target>
			<Target title="uninstall">
				<Option working_dir="/Users/mig/Desktop/junior-spring/graphics/assignments/test/dependencies/GLFW"/>
				<Option type="4"/>
				<MakeCommands>
					<Build command="/usr/bin/make -f &quot;/Users/mig/Desktop/junior-spring/graphics/assignments/test/dependencies/GLFW/Makefile&quot;  VERBOSE=1 uninstall"/>
					<CompileFile command="/usr/bin/make -f &quot;/Users/mig/Desktop/junior-spring/graphics/assignments/test/dependencies/GLFW/Makefile&quot;  VERBOSE=1 &quot;$file&quot;"/>
					<Clean command="/usr/bin/make -f &quot;/Users/mig/Desktop/junior-spring/graphics/assignments/test/dependencies/GLFW/Makefile&quot;  VERBOSE=1 clean"/>
					<DistClean command="/usr/bin/make -f &quot;/Users/mig/Desktop/junior-spring/graphics/assignments/test/dependencies/GLFW/Makefile&quot;  VERBOSE=1 clean"/>
				</MakeCommands>
			</Target>
			<Target title="glfw">
				<Option output="/Users/mig/Desktop/junior-spring/graphics/assignments/test/dependencies/GLFW/src/libglfw3.a" prefix_auto="0" extension_auto="0"/>
				<Option working_dir="/Users/mig/Desktop/junior-spring/graphics/assignments/test/dependencies/GLFW/src"/>
				<Option object_output="./"/>
				<Option type="2"/>
				<Option compiler="gcc"/>
				<Compiler>
					<Add option="-D_GLFW_USE_CONFIG_H"/>
					<Add directory="/Users/mig/Desktop/junior-spring/graphics/assignments/test/dependencies/GLFW/include"/>
					<Add directory="/Users/mig/Desktop/junior-spring/graphics/assignments/test/dependencies/GLFW/src"/>
				</Compiler>
				<MakeCommands>
					<Build command="/usr/bin/make -f &quot;/Users/mig/Desktop/junior-spring/graphics/assignments/test/dependencies/GLFW/src/Makefile&quot;  VERBOSE=1 glfw"/>
					<CompileFile command="/usr/bin/make -f &quot;/Users/mig/Desktop/junior-spring/graphics/assignments/test/dependencies/GLFW/src/Makefile&quot;  VERBOSE=1 &quot;$file&quot;"/>
					<Clean command="/usr/bin/make -f &quot;/Users/mig/Desktop/junior-spring/graphics/assignments/test/dependencies/GLFW/src/Makefile&quot;  VERBOSE=1 clean"/>
					<DistClean command="/usr/bin/make -f &quot;/Users/mig/Desktop/junior-spring/graphics/assignments/test/dependencies/GLFW/src/Makefile&quot;  VERBOSE=1 clean"/>
				</MakeCommands>
			</Target>
			<Target title="glfw/fast">
				<Option output="/Users/mig/Desktop/junior-spring/graphics/assignments/test/dependencies/GLFW/src/libglfw3.a" prefix_auto="0" extension_auto="0"/>
				<Option working_dir="/Users/mig/Desktop/junior-spring/graphics/assignments/test/dependencies/GLFW/src"/>
				<Option object_output="./"/>
				<Option type="2"/>
				<Option compiler="gcc"/>
				<Compiler>
					<Add option="-D_GLFW_USE_CONFIG_H"/>
					<Add directory="/Users/mig/Desktop/junior-spring/graphics/assignments/test/dependencies/GLFW/include"/>
					<Add directory="/Users/mig/Desktop/junior-spring/graphics/assignments/test/dependencies/GLFW/src"/>
				</Compiler>
				<MakeCommands>
					<Build command="/usr/bin/make -f &quot;/Users/mig/Desktop/junior-spring/graphics/assignments/test/dependencies/GLFW/src/Makefile&quot;  VERBOSE=1 glfw/fast"/>
					<CompileFile command="/usr/bin/make -f &quot;/Users/mig/Desktop/junior-spring/graphics/assignments/test/dependencies/GLFW/src/Makefile&quot;  VERBOSE=1 &quot;$file&quot;"/>
					<Clean command="/usr/bin/make -f &quot;/Users/mig/Desktop/junior-spring/graphics/assignments/test/dependencies/GLFW/src/Makefile&quot;  VERBOSE=1 clean"/>
					<DistClean command="/usr/bin/make -f &quot;/Users/mig/Desktop/junior-spring/graphics/assignments/test/dependencies/GLFW/src/Makefile&quot;  VERBOSE=1 clean"/>
				</MakeCommands>
			</Target>
		</Build>
		<Unit filename="/Users/mig/Desktop/junior-spring/graphics/assignments/test/dependencies/GLFW/include/GLFW/glfw3.h">
			<Option target="glfw"/>
		</Unit>
		<Unit filename="/Users/mig/Desktop/junior-spring/graphics/assignments/test/dependencies/GLFW/include/GLFW/glfw3native.h">
			<Option target="glfw"/>
		</Unit>
		<Unit filename="/Users/mig/Desktop/junior-spring/graphics/assignments/test/dependencies/GLFW/src/cocoa_init.m">
			<Option target="glfw"/>
		</Unit>
		<Unit filename="/Users/mig/Desktop/junior-spring/graphics/assignments/test/dependencies/GLFW/src/cocoa_joystick.h">
			<Option target="glfw"/>
		</Unit>
		<Unit filename="/Users/mig/Desktop/junior-spring/graphics/assignments/test/dependencies/GLFW/src/cocoa_joystick.m">
			<Option target="glfw"/>
		</Unit>
		<Unit filename="/Users/mig/Desktop/junior-spring/graphics/assignments/test/dependencies/GLFW/src/cocoa_monitor.m">
			<Option target="glfw"/>
		</Unit>
		<Unit filename="/Users/mig/Desktop/junior-spring/graphics/assignments/test/dependencies/GLFW/src/cocoa_platform.h">
			<Option target="glfw"/>
		</Unit>
		<Unit filename="/Users/mig/Desktop/junior-spring/graphics/assignments/test/dependencies/GLFW/src/cocoa_time.c">
			<Option target="glfw"/>
		</Unit>
		<Unit filename="/Users/mig/Desktop/junior-spring/graphics/assignments/test/dependencies/GLFW/src/cocoa_window.m">
			<Option target="glfw"/>
		</Unit>
		<Unit filename="/Users/mig/Desktop/junior-spring/graphics/assignments/test/dependencies/GLFW/src/context.c">
			<Option target="glfw"/>
		</Unit>
		<Unit filename="/Users/mig/Desktop/junior-spring/graphics/assignments/test/dependencies/GLFW/src/glfw_config.h">
			<Option target="glfw"/>
		</Unit>
		<Unit filename="/Users/mig/Desktop/junior-spring/graphics/assignments/test/dependencies/GLFW/src/init.c">
			<Option target="glfw"/>
		</Unit>
		<Unit filename="/Users/mig/Desktop/junior-spring/graphics/assignments/test/dependencies/GLFW/src/input.c">
			<Option target="glfw"/>
		</Unit>
		<Unit filename="/Users/mig/Desktop/junior-spring/graphics/assignments/test/dependencies/GLFW/src/internal.h">
			<Option target="glfw"/>
		</Unit>
		<Unit filename="/Users/mig/Desktop/junior-spring/graphics/assignments/test/dependencies/GLFW/src/monitor.c">
			<Option target="glfw"/>
		</Unit>
		<Unit filename="/Users/mig/Desktop/junior-spring/graphics/assignments/test/dependencies/GLFW/src/nsgl_context.h">
			<Option target="glfw"/>
		</Unit>
		<Unit filename="/Users/mig/Desktop/junior-spring/graphics/assignments/test/dependencies/GLFW/src/nsgl_context.m">
			<Option target="glfw"/>
		</Unit>
		<Unit filename="/Users/mig/Desktop/junior-spring/graphics/assignments/test/dependencies/GLFW/src/posix_tls.c">
			<Option target="glfw"/>
		</Unit>
		<Unit filename="/Users/mig/Desktop/junior-spring/graphics/assignments/test/dependencies/GLFW/src/posix_tls.h">
			<Option target="glfw"/>
		</Unit>
		<Unit filename="/Users/mig/Desktop/junior-spring/graphics/assignments/test/dependencies/GLFW/src/vulkan.c">
			<Option target="glfw"/>
		</Unit>
		<Unit filename="/Users/mig/Desktop/junior-spring/graphics/assignments/test/dependencies/GLFW/src/window.c">
			<Option target="glfw"/>
		</Unit>
		<Unit filename="/Users/mig/Desktop/junior-spring/graphics/assignments/test/src/glad.c">
			<Option target="test-macos"/>
		</Unit>
		<Unit filename="/Users/mig/Desktop/junior-spring/graphics/assignments/test/src/main.cpp">
			<Option target="test-macos"/>
		</Unit>
		<Unit filename="/Users/mig/Desktop/junior-spring/graphics/assignments/test/src/msvc_gl.h">
			<Option target="test-macos"/>
		</Unit>
		<Unit filename="/Users/mig/Desktop/junior-spring/graphics/assignments/test/CMakeLists.txt">
			<Option virtualFolder="CMake Files\"/>
		</Unit>
		<Unit filename="/Users/mig/Desktop/junior-spring/graphics/assignments/test/dependencies/GLFW/CMakeLists.txt">
			<Option virtualFolder="CMake Files\dependencies\GLFW\"/>
		</Unit>
		<Unit filename="/Users/mig/Desktop/junior-spring/graphics/assignments/test/dependencies/GLFW/cmake_uninstall.cmake.in">
			<Option virtualFolder="CMake Files\dependencies\GLFW\"/>
		</Unit>
		<Unit filename="/Users/mig/Desktop/junior-spring/graphics/assignments/test/dependencies/GLFW/CMake/modules/FindVulkan.cmake">
			<Option virtualFolder="CMake Files\dependencies\GLFW\CMake\modules\"/>
		</Unit>
		<Unit filename="/Users/mig/Desktop/junior-spring/graphics/assignments/test/dependencies/GLFW/src/CMakeLists.txt">
			<Option virtualFolder="CMake Files\dependencies\GLFW\src\"/>
		</Unit>
		<Unit filename="/Users/mig/Desktop/junior-spring/graphics/assignments/test/dependencies/GLFW/src/glfw3.pc.in">
			<Option virtualFolder="CMake Files\dependencies\GLFW\src\"/>
		</Unit>
		<Unit filename="/Users/mig/Desktop/junior-spring/graphics/assignments/test/dependencies/GLFW/src/glfw3Config.cmake.in">
			<Option virtualFolder="CMake Files\dependencies\GLFW\src\"/>
		</Unit>
		<Unit filename="/Users/mig/Desktop/junior-spring/graphics/assignments/test/dependencies/GLFW/src/glfw_config.h.in">
			<Option virtualFolder="CMake Files\dependencies\GLFW\src\"/>
		</Unit>
	</Project>
</CodeBlocks_project_file>
